
Microsoft Visual Studio Solution File, Format Version 12.00
# Visual Studio Version 17
VisualStudioVersion = 17.10.35122.118
MinimumVisualStudioVersion = 10.0.40219.1
Project("{FAE04EC0-301F-11D3-BF4B-00C04F79EFBC}") = "RadioButton1", "RadioButton1.csproj", "{589F0F05-C382-482B-A67A-B20A77DA56BA}"
EndProject
Global
	GlobalSection(SolutionConfigurationPlatforms) = preSolution
		Debug|Any CPU = Debug|Any CPU
		Release|Any CPU = Release|Any CPU
	EndGlobalSection
	GlobalSection(ProjectConfigurationPlatforms) = postSolution
		{589F0F05-C382-482B-A67A-B20A77DA56BA}.Debug|Any CPU.ActiveCfg = Debug|Any CPU
		{589F0F05-C382-482B-A67A-B20A77DA56BA}.Debug|Any CPU.Build.0 = Debug|Any CPU
		{589F0F05-C382-482B-A67A-B20A77DA56BA}.Release|Any CPU.ActiveCfg = Release|Any CPU
		{589F0F05-C382-482B-A67A-B20A77DA56BA}.Release|Any CPU.Build.0 = Release|Any CPU
	EndGlobalSection
	GlobalSection(SolutionProperties) = preSolution
		HideSolutionNode = FALSE
	EndGlobalSection
	GlobalSection(ExtensibilityGlobals) = postSolution
		SolutionGuid = {D6F64F24-3FB7-4BAD-B8B1-AB08BE65C3E3}
	EndGlobalSection
EndGlobal
